// !$*UTF8*$!
{
	archiveVersion = 1;
	classes = {
	};
	objectVersion = 50;
	objects = {

/* Begin PBXBuildFile section */
		A6E09CAE27797880004B58CF /* AppDelegate.swift in Sources */ = {isa = PBXBuildFile; fileRef = A6E09CAD27797880004B58CF /* AppDelegate.swift */; };
		A6E09CB027797880004B58CF /* SceneDelegate.swift in Sources */ = {isa = PBXBuildFile; fileRef = A6E09CAF27797880004B58CF /* SceneDelegate.swift */; };
		A6E09CB227797880004B58CF /* ViewController.swift in Sources */ = {isa = PBXBuildFile; fileRef = A6E09CB127797880004B58CF /* ViewController.swift */; };
		A6E09CB527797880004B58CF /* Main.storyboard in Resources */ = {isa = PBXBuildFile; fileRef = A6E09CB327797880004B58CF /* Main.storyboard */; };
		A6E09CB727797883004B58CF /* Assets.xcassets in Resources */ = {isa = PBXBuildFile; fileRef = A6E09CB627797883004B58CF /* Assets.xcassets */; };
		A6E09CBA27797883004B58CF /* LaunchScreen.storyboard in Resources */ = {isa = PBXBuildFile; fileRef = A6E09CB827797883004B58CF /* LaunchScreen.storyboard */; };
		A6E09CC827797942004B58CF /* Media.xcassets in Resources */ = {isa = PBXBuildFile; fileRef = A6E09CC727797942004B58CF /* Media.xcassets */; };
		A6E09CCA27797942004B58CF /* ActionViewController.swift in Sources */ = {isa = PBXBuildFile; fileRef = A6E09CC927797942004B58CF /* ActionViewController.swift */; };
		A6E09CCD27797942004B58CF /* MainInterface.storyboard in Resources */ = {isa = PBXBuildFile; fileRef = A6E09CCB27797942004B58CF /* MainInterface.storyboard */; };
		A6E09CD127797942004B58CF /* Extension.appex in Embed App Extensions */ = {isa = PBXBuildFile; fileRef = A6E09CC527797942004B58CF /* Extension.appex */; settings = {ATTRIBUTES = (RemoveHeadersOnCopy, ); }; };
		A6E09CD727797B17004B58CF /* Action.js in Resources */ = {isa = PBXBuildFile; fileRef = A6E09CD627797B17004B58CF /* Action.js */; };
/* End PBXBuildFile section */

/* Begin PBXContainerItemProxy section */
		A6E09CCF27797942004B58CF /* PBXContainerItemProxy */ = {
			isa = PBXContainerItemProxy;
			containerPortal = A6E09CA227797880004B58CF /* Project object */;
			proxyType = 1;
			remoteGlobalIDString = A6E09CC427797942004B58CF;
			remoteInfo = Extension;
		};
/* End PBXContainerItemProxy section */

/* Begin PBXCopyFilesBuildPhase section */
		A6E09CD527797942004B58CF /* Embed App Extensions */ = {
			isa = PBXCopyFilesBuildPhase;
			buildActionMask = 2147483647;
			dstPath = "";
			dstSubfolderSpec = 13;
			files = (
				A6E09CD127797942004B58CF /* Extension.appex in Embed App Extensions */,
			);
			name = "Embed App Extensions";
			runOnlyForDeploymentPostprocessing = 0;
		};
/* End PBXCopyFilesBuildPhase section */

/* Begin PBXFileReference section */
		A6E09CAA27797880004B58CF /* Project19.app */ = {isa = PBXFileReference; explicitFileType = wrapper.application; includeInIndex = 0; path = Project19.app; sourceTree = BUILT_PRODUCTS_DIR; };
		A6E09CAD27797880004B58CF /* AppDelegate.swift */ = {isa = PBXFileReference; lastKnownFileType = sourcecode.swift; path = AppDelegate.swift; sourceTree = "<group>"; };
		A6E09CAF27797880004B58CF /* SceneDelegate.swift */ = {isa = PBXFileReference; lastKnownFileType = sourcecode.swift; path = SceneDelegate.swift; sourceTree = "<group>"; };
		A6E09CB127797880004B58CF /* ViewController.swift */ = {isa = PBXFileReference; lastKnownFileType = sourcecode.swift; path = ViewController.swift; sourceTree = "<group>"; };
		A6E09CB427797880004B58CF /* Base */ = {isa = PBXFileReference; lastKnownFileType = file.storyboard; name = Base; path = Base.lproj/Main.storyboard; sourceTree = "<group>"; };
		A6E09CB627797883004B58CF /* Assets.xcassets */ = {isa = PBXFileReference; lastKnownFileType = folder.assetcatalog; path = Assets.xcassets; sourceTree = "<group>"; };
		A6E09CB927797883004B58CF /* Base */ = {isa = PBXFileReference; lastKnownFileType = file.storyboard; name = Base; path = Base.lproj/LaunchScreen.storyboard; sourceTree = "<group>"; };
		A6E09CBB27797883004B58CF /* Info.plist */ = {isa = PBXFileReference; lastKnownFileType = text.plist.xml; path = Info.plist; sourceTree = "<group>"; };
		A6E09CC527797942004B58CF /* Extension.appex */ = {isa = PBXFileReference; explicitFileType = "wrapper.app-extension"; includeInIndex = 0; path = Extension.appex; sourceTree = BUILT_PRODUCTS_DIR; };
		A6E09CC727797942004B58CF /* Media.xcassets */ = {isa = PBXFileReference; lastKnownFileType = folder.assetcatalog; path = Media.xcassets; sourceTree = "<group>"; };
		A6E09CC927797942004B58CF /* ActionViewController.swift */ = {isa = PBXFileReference; lastKnownFileType = sourcecode.swift; path = ActionViewController.swift; sourceTree = "<group>"; };
		A6E09CCC27797942004B58CF /* Base */ = {isa = PBXFileReference; lastKnownFileType = file.storyboard; name = Base; path = Base.lproj/MainInterface.storyboard; sourceTree = "<group>"; };
		A6E09CCE27797942004B58CF /* Info.plist */ = {isa = PBXFileReference; lastKnownFileType = text.plist.xml; path = Info.plist; sourceTree = "<group>"; };
		A6E09CD627797B17004B58CF /* Action.js */ = {isa = PBXFileReference; lastKnownFileType = sourcecode.javascript; path = Action.js; sourceTree = "<group>"; };
/* End PBXFileReference section */

/* Begin PBXFrameworksBuildPhase section */
		A6E09CA727797880004B58CF /* Frameworks */ = {
			isa = PBXFrameworksBuildPhase;
			buildActionMask = 2147483647;
			files = (
			);
			runOnlyForDeploymentPostprocessing = 0;
		};
		A6E09CC227797942004B58CF /* Frameworks */ = {
			isa = PBXFrameworksBuildPhase;
			buildActionMask = 2147483647;
			files = (
			);
			runOnlyForDeploymentPostprocessing = 0;
		};
/* End PBXFrameworksBuildPhase section */

/* Begin PBXGroup section */
		A6E09CA127797880004B58CF = {
			isa = PBXGroup;
			children = (
				A6E09CAC27797880004B58CF /* Project19 */,
				A6E09CC627797942004B58CF /* Extension */,
				A6E09CAB27797880004B58CF /* Products */,
			);
			sourceTree = "<group>";
		};
		A6E09CAB27797880004B58CF /* Products */ = {
			isa = PBXGroup;
			children = (
				A6E09CAA27797880004B58CF /* Project19.app */,
				A6E09CC527797942004B58CF /* Extension.appex */,
			);
			name = Products;
			sourceTree = "<group>";
		};
		A6E09CAC27797880004B58CF /* Project19 */ = {
			isa = PBXGroup;
			children = (
				A6E09CAD27797880004B58CF /* AppDelegate.swift */,
				A6E09CAF27797880004B58CF /* SceneDelegate.swift */,
				A6E09CB127797880004B58CF /* ViewController.swift */,
				A6E09CB327797880004B58CF /* Main.storyboard */,
				A6E09CB627797883004B58CF /* Assets.xcassets */,
				A6E09CB827797883004B58CF /* LaunchScreen.storyboard */,
				A6E09CBB27797883004B58CF /* Info.plist */,
			);
			path = Project19;
			sourceTree = "<group>";
		};
		A6E09CC627797942004B58CF /* Extension */ = {
			isa = PBXGroup;
			children = (
				A6E09CC727797942004B58CF /* Media.xcassets */,
				A6E09CC927797942004B58CF /* ActionViewController.swift */,
				A6E09CCB27797942004B58CF /* MainInterface.storyboard */,
				A6E09CCE27797942004B58CF /* Info.plist */,
				A6E09CD627797B17004B58CF /* Action.js */,
			);
			path = Extension;
			sourceTree = "<group>";
		};
/* End PBXGroup section */

/* Begin PBXNativeTarget section */
		A6E09CA927797880004B58CF /* Project19 */ = {
			isa = PBXNativeTarget;
			buildConfigurationList = A6E09CBE27797883004B58CF /* Build configuration list for PBXNativeTarget "Project19" */;
			buildPhases = (
				A6E09CA627797880004B58CF /* Sources */,
				A6E09CA727797880004B58CF /* Frameworks */,
				A6E09CA827797880004B58CF /* Resources */,
				A6E09CD527797942004B58CF /* Embed App Extensions */,
			);
			buildRules = (
			);
			dependencies = (
				A6E09CD027797942004B58CF /* PBXTargetDependency */,
			);
			name = Project19;
			productName = Project19;
			productReference = A6E09CAA27797880004B58CF /* Project19.app */;
			productType = "com.apple.product-type.application";
		};
		A6E09CC427797942004B58CF /* Extension */ = {
			isa = PBXNativeTarget;
			buildConfigurationList = A6E09CD227797942004B58CF /* Build configuration list for PBXNativeTarget "Extension" */;
			buildPhases = (
				A6E09CC127797942004B58CF /* Sources */,
				A6E09CC227797942004B58CF /* Frameworks */,
				A6E09CC327797942004B58CF /* Resources */,
			);
			buildRules = (
			);
			dependencies = (
			);
			name = Extension;
			productName = Extension;
			productReference = A6E09CC527797942004B58CF /* Extension.appex */;
			productType = "com.apple.product-type.app-extension";
		};
/* End PBXNativeTarget section */

/* Begin PBXProject section */
		A6E09CA227797880004B58CF /* Project object */ = {
			isa = PBXProject;
			attributes = {
				LastSwiftUpdateCheck = 1250;
				LastUpgradeCheck = 1250;
				TargetAttributes = {
					A6E09CA927797880004B58CF = {
						CreatedOnToolsVersion = 12.5.1;
					};
					A6E09CC427797942004B58CF = {
						CreatedOnToolsVersion = 12.5.1;
					};
				};
			};
			buildConfigurationList = A6E09CA527797880004B58CF /* Build configuration list for PBXProject "Project19" */;
			compatibilityVersion = "Xcode 9.3";
			developmentRegion = en;
			hasScannedForEncodings = 0;
			knownRegions = (
				en,
				Base,
			);
			mainGroup = A6E09CA127797880004B58CF;
			productRefGroup = A6E09CAB27797880004B58CF /* Products */;
			projectDirPath = "";
			projectRoot = "";
			targets = (
				A6E09CA927797880004B58CF /* Project19 */,
				A6E09CC427797942004B58CF /* Extension */,
			);
		};
/* End PBXProject section */

/* Begin PBXResourcesBuildPhase section */
		A6E09CA827797880004B58CF /* Resources */ = {
			isa = PBXResourcesBuildPhase;
			buildActionMask = 2147483647;
			files = (
				A6E09CBA27797883004B58CF /* LaunchScreen.storyboard in Resources */,
				A6E09CB727797883004B58CF /* Assets.xcassets in Resources */,
				A6E09CB527797880004B58CF /* Main.storyboard in Resources */,
			);
			runOnlyForDeploymentPostprocessing = 0;
		};
		A6E09CC327797942004B58CF /* Resources */ = {
			isa = PBXResourcesBuildPhase;
			buildActionMask = 2147483647;
			files = (
				A6E09CD727797B17004B58CF /* Action.js in Resources */,
				A6E09CC827797942004B58CF /* Media.xcassets in Resources */,
				A6E09CCD27797942004B58CF /* MainInterface.storyboard in Resources */,
			);
			runOnlyForDeploymentPostprocessing = 0;
		};
/* End PBXResourcesBuildPhase section */

/* Begin PBXSourcesBuildPhase section */
		A6E09CA627797880004B58CF /* Sources */ = {
			isa = PBXSourcesBuildPhase;
			buildActionMask = 2147483647;
			files = (
				A6E09CB227797880004B58CF /* ViewController.swift in Sources */,
				A6E09CAE27797880004B58CF /* AppDelegate.swift in Sources */,
				A6E09CB027797880004B58CF /* SceneDelegate.swift in Sources */,
			);
			runOnlyForDeploymentPostprocessing = 0;
		};
		A6E09CC127797942004B58CF /* Sources */ = {
			isa = PBXSourcesBuildPhase;
			buildActionMask = 2147483647;
			files = (
				A6E09CCA27797942004B58CF /* ActionViewController.swift in Sources */,
			);
			runOnlyForDeploymentPostprocessing = 0;
		};
/* End PBXSourcesBuildPhase section */

/* Begin PBXTargetDependency section */
		A6E09CD027797942004B58CF /* PBXTargetDependency */ = {
			isa = PBXTargetDependency;
			target = A6E09CC427797942004B58CF /* Extension */;
			targetProxy = A6E09CCF27797942004B58CF /* PBXContainerItemProxy */;
		};
/* End PBXTargetDependency section */

/* Begin PBXVariantGroup section */
		A6E09CB327797880004B58CF /* Main.storyboard */ = {
			isa = PBXVariantGroup;
			children = (
				A6E09CB427797880004B58CF /* Base */,
			);
			name = Main.storyboard;
			sourceTree = "<group>";
		};
		A6E09CB827797883004B58CF /* LaunchScreen.storyboard */ = {
			isa = PBXVariantGroup;
			children = (
				A6E09CB927797883004B58CF /* Base */,
			);
			name = LaunchScreen.storyboard;
			sourceTree = "<group>";
		};
		A6E09CCB27797942004B58CF /* MainInterface.storyboard */ = {
			isa = PBXVariantGroup;
			children = (
				A6E09CCC27797942004B58CF /* Base */,
			);
			name = MainInterface.storyboard;
			sourceTree = "<group>";
		};
/* End PBXVariantGroup section */

/* Begin XCBuildConfiguration section */
		A6E09CBC27797883004B58CF /* Debug */ = {
			isa = XCBuildConfiguration;
			buildSettings = {
				ALWAYS_SEARCH_USER_PATHS = NO;
				CLANG_ANALYZER_NONNULL = YES;
				CLANG_ANALYZER_NUMBER_OBJECT_CONVERSION = YES_AGGRESSIVE;
				CLANG_CXX_LANGUAGE_STANDARD = "gnu++14";
				CLANG_CXX_LIBRARY = "libc++";
				CLANG_ENABLE_MODULES = YES;
				CLANG_ENABLE_OBJC_ARC = YES;
				CLANG_ENABLE_OBJC_WEAK = YES;
				CLANG_WARN_BLOCK_CAPTURE_AUTORELEASING = YES;
				CLANG_WARN_BOOL_CONVERSION = YES;
				CLANG_WARN_COMMA = YES;
				CLANG_WARN_CONSTANT_CONVERSION = YES;
				CLANG_WARN_DEPRECATED_OBJC_IMPLEMENTATIONS = YES;
				CLANG_WARN_DIRECT_OBJC_ISA_USAGE = YES_ERROR;
				CLANG_WARN_DOCUMENTATION_COMMENTS = YES;
				CLANG_WARN_EMPTY_BODY = YES;
				CLANG_WARN_ENUM_CONVERSION = YES;
				CLANG_WARN_INFINITE_RECURSION = YES;
				CLANG_WARN_INT_CONVERSION = YES;
				CLANG_WARN_NON_LITERAL_NULL_CONVERSION = YES;
				CLANG_WARN_OBJC_IMPLICIT_RETAIN_SELF = YES;
				CLANG_WARN_OBJC_LITERAL_CONVERSION = YES;
				CLANG_WARN_OBJC_ROOT_CLASS = YES_ERROR;
				CLANG_WARN_QUOTED_INCLUDE_IN_FRAMEWORK_HEADER = YES;
				CLANG_WARN_RANGE_LOOP_ANALYSIS = YES;
				CLANG_WARN_STRICT_PROTOTYPES = YES;
				CLANG_WARN_SUSPICIOUS_MOVE = YES;
				CLANG_WARN_UNGUARDED_AVAILABILITY = YES_AGGRESSIVE;
				CLANG_WARN_UNREACHABLE_CODE = YES;
				CLANG_WARN__DUPLICATE_METHOD_MATCH = YES;
				COPY_PHASE_STRIP = NO;
				DEBUG_INFORMATION_FORMAT = dwarf;
				ENABLE_STRICT_OBJC_MSGSEND = YES;
				ENABLE_TESTABILITY = YES;
				GCC_C_LANGUAGE_STANDARD = gnu11;
				GCC_DYNAMIC_NO_PIC = NO;
				GCC_NO_COMMON_BLOCKS = YES;
				GCC_OPTIMIZATION_LEVEL = 0;
				GCC_PREPROCESSOR_DEFINITIONS = (
					"DEBUG=1",
					"$(inherited)",
				);
				GCC_WARN_64_TO_32_BIT_CONVERSION = YES;
				GCC_WARN_ABOUT_RETURN_TYPE = YES_ERROR;
				GCC_WARN_UNDECLARED_SELECTOR = YES;
				GCC_WARN_UNINITIALIZED_AUTOS = YES_AGGRESSIVE;
				GCC_WARN_UNUSED_FUNCTION = YES;
				GCC_WARN_UNUSED_VARIABLE = YES;
				IPHONEOS_DEPLOYMENT_TARGET = 14.5;
				MTL_ENABLE_DEBUG_INFO = INCLUDE_SOURCE;
				MTL_FAST_MATH = YES;
				ONLY_ACTIVE_ARCH = YES;
				SDKROOT = iphoneos;
				SWIFT_ACTIVE_COMPILATION_CONDITIONS = DEBUG;
				SWIFT_OPTIMIZATION_LEVEL = "-Onone";
			};
			name = Debug;
		};
		A6E09CBD27797883004B58CF /* Release */ = {
			isa = XCBuildConfiguration;
			buildSettings = {
				ALWAYS_SEARCH_USER_PATHS = NO;
				CLANG_ANALYZER_NONNULL = YES;
				CLANG_ANALYZER_NUMBER_OBJECT_CONVERSION = YES_AGGRESSIVE;
				CLANG_CXX_LANGUAGE_STANDARD = "gnu++14";
				CLANG_CXX_LIBRARY = "libc++";
				CLANG_ENABLE_MODULES = YES;
				CLANG_ENABLE_OBJC_ARC = YES;
				CLANG_ENABLE_OBJC_WEAK = YES;
				CLANG_WARN_BLOCK_CAPTURE_AUTORELEASING = YES;
				CLANG_WARN_BOOL_CONVERSION = YES;
				CLANG_WARN_COMMA = YES;
				CLANG_WARN_CONSTANT_CONVERSION = YES;
				CLANG_WARN_DEPRECATED_OBJC_IMPLEMENTATIONS = YES;
				CLANG_WARN_DIRECT_OBJC_ISA_USAGE = YES_ERROR;
				CLANG_WARN_DOCUMENTATION_COMMENTS = YES;
				CLANG_WARN_EMPTY_BODY = YES;
				CLANG_WARN_ENUM_CONVERSION = YES;
				CLANG_WARN_INFINITE_RECURSION = YES;
				CLANG_WARN_INT_CONVERSION = YES;
				CLANG_WARN_NON_LITERAL_NULL_CONVERSION = YES;
				CLANG_WARN_OBJC_IMPLICIT_RETAIN_SELF = YES;
				CLANG_WARN_OBJC_LITERAL_CONVERSION = YES;
				CLANG_WARN_OBJC_ROOT_CLASS = YES_ERROR;
				CLANG_WARN_QUOTED_INCLUDE_IN_FRAMEWORK_HEADER = YES;
				CLANG_WARN_RANGE_LOOP_ANALYSIS = YES;
				CLANG_WARN_STRICT_PROTOTYPES = YES;
				CLANG_WARN_SUSPICIOUS_MOVE = YES;
				CLANG_WARN_UNGUARDED_AVAILABILITY = YES_AGGRESSIVE;
				CLANG_WARN_UNREACHABLE_CODE = YES;
				CLANG_WARN__DUPLICATE_METHOD_MATCH = YES;
				COPY_PHASE_STRIP = NO;
				DEBUG_INFORMATION_FORMAT = "dwarf-with-dsym";
				ENABLE_NS_ASSERTIONS = NO;
				ENABLE_STRICT_OBJC_MSGSEND = YES;
				GCC_C_LANGUAGE_STANDARD = gnu11;
				GCC_NO_COMMON_BLOCKS = YES;
				GCC_WARN_64_TO_32_BIT_CONVERSION = YES;
				GCC_WARN_ABOUT_RETURN_TYPE = YES_ERROR;
				GCC_WARN_UNDECLARED_SELECTOR = YES;
				GCC_WARN_UNINITIALIZED_AUTOS = YES_AGGRESSIVE;
				GCC_WARN_UNUSED_FUNCTION = YES;
				GCC_WARN_UNUSED_VARIABLE = YES;
				IPHONEOS_DEPLOYMENT_TARGET = 14.5;
				MTL_ENABLE_DEBUG_INFO = NO;
				MTL_FAST_MATH = YES;
				SDKROOT = iphoneos;
				SWIFT_COMPILATION_MODE = wholemodule;
				SWIFT_OPTIMIZATION_LEVEL = "-O";
				VALIDATE_PRODUCT = YES;
			};
			name = Release;
		};
		A6E09CBF27797883004B58CF /* Debug */ = {
			isa = XCBuildConfiguration;
			buildSettings = {
				ALWAYS_EMBED_SWIFT_STANDARD_LIBRARIES = YES;
				ASSETCATALOG_COMPILER_APPICON_NAME = AppIcon;
				ASSETCATALOG_COMPILER_GLOBAL_ACCENT_COLOR_NAME = AccentColor;
				CODE_SIGN_STYLE = Automatic;
				DEVELOPMENT_TEAM = 9G63F722Q2;
				INFOPLIST_FILE = Project19/Info.plist;
				LD_RUNPATH_SEARCH_PATHS = (
					"$(inherited)",
					"@executable_path/Frameworks",
				);
				PRODUCT_BUNDLE_IDENTIFIER = com.Project19;
				PRODUCT_NAME = "$(TARGET_NAME)";
				SWIFT_VERSION = 5.0;
				TARGETED_DEVICE_FAMILY = "1,2";
			};
			name = Debug;
		};
		A6E09CC027797883004B58CF /* Release */ = {
			isa = XCBuildConfiguration;
			buildSettings = {
				ALWAYS_EMBED_SWIFT_STANDARD_LIBRARIES = YES;
				ASSETCATALOG_COMPILER_APPICON_NAME = AppIcon;
				ASSETCATALOG_COMPILER_GLOBAL_ACCENT_COLOR_NAME = AccentColor;
				CODE_SIGN_STYLE = Automatic;
				DEVELOPMENT_TEAM = 9G63F722Q2;
				INFOPLIST_FILE = Project19/Info.plist;
				LD_RUNPATH_SEARCH_PATHS = (
					"$(inherited)",
					"@executable_path/Frameworks",
				);
				PRODUCT_BUNDLE_IDENTIFIER = com.Project19;
				PRODUCT_NAME = "$(TARGET_NAME)";
				SWIFT_VERSION = 5.0;
				TARGETED_DEVICE_FAMILY = "1,2";
			};
			name = Release;
		};
		A6E09CD327797942004B58CF /* Debug */ = {
			isa = XCBuildConfiguration;
			buildSettings = {
				CODE_SIGN_STYLE = Automatic;
				DEVELOPMENT_TEAM = 9G63F722Q2;
				INFOPLIST_FILE = Extension/Info.plist;
				LD_RUNPATH_SEARCH_PATHS = (
					"$(inherited)",
					"@executable_path/Frameworks",
					"@executable_path/../../Frameworks",
				);
				PRODUCT_BUNDLE_IDENTIFIER = com.Project19.Extension;
				PRODUCT_NAME = "$(TARGET_NAME)";
				SKIP_INSTALL = YES;
				SWIFT_VERSION = 5.0;
				TARGETED_DEVICE_FAMILY = "1,2";
			};
			name = Debug;
		};
		A6E09CD427797942004B58CF /* Release */ = {
			isa = XCBuildConfiguration;
			buildSettings = {
				CODE_SIGN_STYLE = Automatic;
				DEVELOPMENT_TEAM = 9G63F722Q2;
				INFOPLIST_FILE = Extension/Info.plist;
				LD_RUNPATH_SEARCH_PATHS = (
					"$(inherited)",
					"@executable_path/Frameworks",
					"@executable_path/../../Frameworks",
				);
				PRODUCT_BUNDLE_IDENTIFIER = com.Project19.Extension;
				PRODUCT_NAME = "$(TARGET_NAME)";
				SKIP_INSTALL = YES;
				SWIFT_VERSION = 5.0;
				TARGETED_DEVICE_FAMILY = "1,2";
			};
			name = Release;
		};
/* End XCBuildConfiguration section */

/* Begin XCConfigurationList section */
		A6E09CA527797880004B58CF /* Build configuration list for PBXProject "Project19" */ = {
			isa = XCConfigurationList;
			buildConfigurations = (
				A6E09CBC27797883004B58CF /* Debug */,
				A6E09CBD27797883004B58CF /* Release */,
			);
			defaultConfigurationIsVisible = 0;
			defaultConfigurationName = Release;
		};
		A6E09CBE27797883004B58CF /* Build configuration list for PBXNativeTarget "Project19" */ = {
			isa = XCConfigurationList;
			buildConfigurations = (
				A6E09CBF27797883004B58CF /* Debug */,
				A6E09CC027797883004B58CF /* Release */,
			);
			defaultConfigurationIsVisible = 0;
			defaultConfigurationName = Release;
		};
		A6E09CD227797942004B58CF /* Build configuration list for PBXNativeTarget "Extension" */ = {
			isa = XCConfigurationList;
			buildConfigurations = (
				A6E09CD327797942004B58CF /* Debug */,
				A6E09CD427797942004B58CF /* Release */,
			);
			defaultConfigurationIsVisible = 0;
			defaultConfigurationName = Release;
		};
/* End XCConfigurationList section */
	};
	rootObject = A6E09CA227797880004B58CF /* Project object */;
}
